
Microsoft Visual Studio Solution File, Format Version 12.00
# Visual Studio Version 17
VisualStudioVersion = 17.2.32616.157
MinimumVisualStudioVersion = 10.0.40219.1
Project("{8BC9CEB8-8B4A-11D0-8D11-00A0C91BC942}") = "IntroducationToOOP", "IntroducationToOOP\IntroducationToOOP.vcxproj", "{C46521C2-7E69-4259-A23B-1E5AC183406D}"
EndProject
Global
	GlobalSection(SolutionConfigurationPlatforms) = preSolution
		Debug|x64 = Debug|x64
		Debug|x86 = Debug|x86
		Release|x64 = Release|x64
		Release|x86 = Release|x86
	EndGlobalSection
	GlobalSection(ProjectConfigurationPlatforms) = postSolution
		{C46521C2-7E69-4259-A23B-1E5AC183406D}.Debug|x64.ActiveCfg = Debug|x64
		{C46521C2-7E69-4259-A23B-1E5AC183406D}.Debug|x64.Build.0 = Debug|x64
		{C46521C2-7E69-4259-A23B-1E5AC183406D}.Debug|x86.ActiveCfg = Debug|Win32
		{C46521C2-7E69-4259-A23B-1E5AC183406D}.Debug|x86.Build.0 = Debug|Win32
		{C46521C2-7E69-4259-A23B-1E5AC183406D}.Release|x64.ActiveCfg = Release|x64
		{C46521C2-7E69-4259-A23B-1E5AC183406D}.Release|x64.Build.0 = Release|x64
		{C46521C2-7E69-4259-A23B-1E5AC183406D}.Release|x86.ActiveCfg = Release|Win32
		{C46521C2-7E69-4259-A23B-1E5AC183406D}.Release|x86.Build.0 = Release|Win32
	EndGlobalSection
	GlobalSection(SolutionProperties) = preSolution
		HideSolutionNode = FALSE
	EndGlobalSection
	GlobalSection(ExtensibilityGlobals) = postSolution
		SolutionGuid = {10C9B5E0-C761-46C3-9733-C0A7618C1A22}
	EndGlobalSection
EndGlobal
